
Microsoft Visual Studio Solution File, Format Version 12.00
# Visual Studio 15
VisualStudioVersion = 15.0.28010.2026
MinimumVisualStudioVersion = 10.0.40219.1
Project("{8BC9CEB8-8B4A-11D0-8D11-00A0C91BC942}") = "Fraction_DLL", "Fraction_DLL\Fraction_DLL.vcxproj", "{C84EF5CD-3DD2-4DBE-9610-8DB68F073715}"
EndProject
Global
	GlobalSection(SolutionConfigurationPlatforms) = preSolution
		Debug|x64 = Debug|x64
		Debug|x86 = Debug|x86
		Release|x64 = Release|x64
		Release|x86 = Release|x86
	EndGlobalSection
	GlobalSection(ProjectConfigurationPlatforms) = postSolution
		{C84EF5CD-3DD2-4DBE-9610-8DB68F073715}.Debug|x64.ActiveCfg = Debug|x64
		{C84EF5CD-3DD2-4DBE-9610-8DB68F073715}.Debug|x64.Build.0 = Debug|x64
		{C84EF5CD-3DD2-4DBE-9610-8DB68F073715}.Debug|x86.ActiveCfg = Debug|Win32
		{C84EF5CD-3DD2-4DBE-9610-8DB68F073715}.Debug|x86.Build.0 = Debug|Win32
		{C84EF5CD-3DD2-4DBE-9610-8DB68F073715}.Release|x64.ActiveCfg = Release|x64
		{C84EF5CD-3DD2-4DBE-9610-8DB68F073715}.Release|x64.Build.0 = Release|x64
		{C84EF5CD-3DD2-4DBE-9610-8DB68F073715}.Release|x86.ActiveCfg = Release|Win32
		{C84EF5CD-3DD2-4DBE-9610-8DB68F073715}.Release|x86.Build.0 = Release|Win32
	EndGlobalSection
	GlobalSection(SolutionProperties) = preSolution
		HideSolutionNode = FALSE
	EndGlobalSection
	GlobalSection(ExtensibilityGlobals) = postSolution
		SolutionGuid = {025585BF-A1C9-4013-B560-CBA411AA81C0}
	EndGlobalSection
EndGlobal
